{
  "version": 4,
  "terraform_version": "1.7.5",
  "serial": 33,
  "lineage": "7ed0914d-c876-1ac1-484d-bebc1fa9adc6",
  "outputs": {
    "cluster_endpoint": {
      "value": "https://6DFFA3402AB380C9B9899FA2AF039160.gr7.us-east-1.eks.amazonaws.com",
      "type": "string"
    },
    "cluster_id": {
      "value": "module-eks-E4IRE",
      "type": "string"
    },
    "cluster_name": {
      "value": "module-eks-E4IRE",
      "type": "string"
    },
    "key_name": {
      "value": {
        "arn": "arn:aws:ec2:us-east-1:670163592545:key-pair/TestKeyPair",
        "fingerprint": "d7:ff:a6:63:18:64:9c:57:a1:ee:ca:a4:ad:c2:81:62",
        "id": "TestKeyPair",
        "key_name": "TestKeyPair",
        "key_name_prefix": "",
        "key_pair_id": "key-03454f08b10fe36b5",
        "key_type": "rsa",
        "public_key": "ssh-rsa AAAAB3NzaC1yc2EAAAADAQABAAABAQD3F6tyPEFEzV0LX3X8BsXdMsQz1x2cEikKDEY0aIj41qgxMCP/iteneqXSIFZBp5vizPvaoIR3Um9xK7PGoW8giupGn+EPuxIA4cDM4vzOqOkiMPhz5XK0whEjkVzTo4+S0puvDZuwIsdiW9mxhJc7tgBNL0cYlWSYVkz4G/fslNfRPW5mYAM49f4fhtxPb5ok4Q2Lg9dPKVHO/Bgeu5woMc7RY0p1ej6D4CKFE6lymSDJpW0YHX/wqE9+cfEauh7xZcG0q9t2ta6F6fmX0agvpFyZo8aFbXeUBr7osSCJNgvavWbM/06niWrOvYX2xwWdhXmXSrbX8ZbabVohBK41 email@example.com",
        "tags": {},
        "tags_all": {}
      },
      "type": [
        "object",
        {
          "arn": "string",
          "fingerprint": "string",
          "id": "string",
          "key_name": "string",
          "key_name_prefix": "string",
          "key_pair_id": "string",
          "key_type": "string",
          "public_key": "string",
          "tags": [
            "map",
            "string"
          ],
          "tags_all": [
            "map",
            "string"
          ]
        }
      ]
    }
  },
  "resources": [
    {
      "mode": "data",
      "type": "aws_eks_cluster",
      "name": "cluster",
      "provider": "provider[\"registry.terraform.io/hashicorp/aws\"]",
      "instances": [
        {
          "schema_version": 0,
          "attributes": {
            "access_config": [
              {
                "authentication_mode": "CONFIG_MAP"
              }
            ],
            "arn": "arn:aws:eks:us-east-1:670163592545:cluster/module-eks-E4IRE",
            "certificate_authority": [
              {
                "data": "LS0tLS1CRUdJTiBDRVJUSUZJQ0FURS0tLS0tCk1JSURCVENDQWUyZ0F3SUJBZ0lJQndCNTd0QlI5Qzh3RFFZSktvWklodmNOQVFFTEJRQXdGVEVUTUJFR0ExVUUKQXhNS2EzVmlaWEp1WlhSbGN6QWVGdzB5TkRBek1qQXhOVE16TWpKYUZ3MHpOREF6TVRneE5UTTRNakphTUJVeApFekFSQmdOVkJBTVRDbXQxWW1WeWJtVjBaWE13Z2dFaU1BMEdDU3FHU0liM0RRRUJBUVVBQTRJQkR3QXdnZ0VLCkFvSUJBUURoQnNiUXI5OUFwRmh2QXdtRElMRElWN282WjVjdkp2VDNpMElyeXNUOGloVHQ1WVM1TEpIeGo5YzUKdllITFRtYTZNZEtMVSs4VmE1aTdUdWp2TDR4Z2ZNRVRUb2pjL1oycFQ5YkZuclIrQmxOT21BOEcxWjU5OGt5Tgp2TUpnaFg4VHhQOWdiL0t5S0dLNGFmdkR3TUhVNnRmb0pRVUNETEVRTGJSYVpIVjJlTDJ4SXg3VXlSalVHd0ozCisxenRxV3RJb0QrT1Jvby9jM0Z5RlhkY2E4K1V0QitYOGQ3aDNtczhVUmF5YWIzRllTMnB5eXBRMmlSeWFyaloKRWxaV3BZTDU5UkRJQTQ4M281UE4vTXVRWHlDV1ZkV2o0VFh1cHFURlNBMHE0eE0rc3pyUUo2cGllVk1xeHZ2NwpJRllrSWEwejUwWWgwaC9Cc04rb3RjQU9TUE5oQWdNQkFBR2pXVEJYTUE0R0ExVWREd0VCL3dRRUF3SUNwREFQCkJnTlZIUk1CQWY4RUJUQURBUUgvTUIwR0ExVWREZ1FXQkJSOG9hR0c2NjRSa2IxYmx5SXBBWGZVMlB2VG5qQVYKQmdOVkhSRUVEakFNZ2dwcmRXSmxjbTVsZEdWek1BMEdDU3FHU0liM0RRRUJDd1VBQTRJQkFRREFSZDBDbjAvbgpaYVlMV3pmMXY5TXZZOVp3bUtUTlZFeXhzQ29mUVhOaEwyUEl2VHdpZVlFWUJyRGtUZmNQOVpKMFhaM2FZbWVKCm5FWVJldmZtYUpSVUhBd2l3R1V0QXpNRDBndjJJQmRHbkgyNkpYaDZNYi9KK2VDd2FubnlwWEVVVEJKMVRTYjQKQzlVK1R6VlIyVEVibHdIRkVTNFcxQ1BreEorTzhFTEZYRmpZYzd6ZzN0TnJQNmFRVm16ZURmclpIa3BTcTN5dwpROUhTQ2J4L3RIVm5sb1Y3RHZSaHMxZXVIQUp1bzZWYXFCb0FKbnNhYW4yUVhVUEsyT0sxRFkrVmtKNERMc1dYCkp4OWpBcy85TXczclZBOGhOaVgxbzI1VHJrcFdxM29WbDBsblV6SDE1VE9zRUR3UWNEZjUwQ3hFNy8yeHNFWUsKTmw4eFFjdTJtbHVzCi0tLS0tRU5EIENFUlRJRklDQVRFLS0tLS0K"
              }
            ],
            "cluster_id": null,
            "created_at": "2024-03-20 15:33:34.256 +0000 UTC",
            "enabled_cluster_log_types": [],
            "endpoint": "https://6DFFA3402AB380C9B9899FA2AF039160.gr7.us-east-1.eks.amazonaws.com",
            "id": "module-eks-E4IRE",
            "identity": [
              {
                "oidc": [
                  {
                    "issuer": "https://oidc.eks.us-east-1.amazonaws.com/id/6DFFA3402AB380C9B9899FA2AF039160"
                  }
                ]
              }
            ],
            "kubernetes_network_config": [
              {
                "ip_family": "ipv4",
                "service_ipv4_cidr": "172.20.0.0/16",
                "service_ipv6_cidr": ""
              }
            ],
            "name": "module-eks-E4IRE",
            "outpost_config": [],
            "platform_version": "eks.4",
            "role_arn": "arn:aws:iam::670163592545:role/eks-cluster-JbKanerikaEks",
            "status": "ACTIVE",
            "tags": {},
            "version": "1.29",
            "vpc_config": [
              {
                "cluster_security_group_id": "sg-0b975daf934c166a7",
                "endpoint_private_access": false,
                "endpoint_public_access": true,
                "public_access_cidrs": [
                  "0.0.0.0/0"
                ],
                "security_group_ids": [
                  "sg-0950555251cc435c3"
                ],
                "subnet_ids": [
                  "subnet-0b735d5af8d5600c2",
                  "subnet-0e98e40a2d67ce7b9"
                ],
                "vpc_id": "vpc-0e3e25280b90e9661"
              }
            ]
          },
          "sensitive_attributes": []
        }
      ]
    },
    {
      "mode": "data",
      "type": "aws_eks_cluster_auth",
      "name": "cluster",
      "provider": "provider[\"registry.terraform.io/hashicorp/aws\"]",
      "instances": [
        {
          "schema_version": 0,
          "attributes": {
            "id": "module-eks-E4IRE",
            "name": "module-eks-E4IRE",
            "token": "k8s-aws-v1.aHR0cHM6Ly9zdHMudXMtZWFzdC0xLmFtYXpvbmF3cy5jb20vP0FjdGlvbj1HZXRDYWxsZXJJZGVudGl0eSZWZXJzaW9uPTIwMTEtMDYtMTUmWC1BbXotQWxnb3JpdGhtPUFXUzQtSE1BQy1TSEEyNTYmWC1BbXotQ3JlZGVudGlhbD1BS0lBWllDRzQ0VlFWQ0VaNDc3QyUyRjIwMjQwMzIwJTJGdXMtZWFzdC0xJTJGc3RzJTJGYXdzNF9yZXF1ZXN0JlgtQW16LURhdGU9MjAyNDAzMjBUMTYwMDIwWiZYLUFtei1FeHBpcmVzPTAmWC1BbXotU2lnbmVkSGVhZGVycz1ob3N0JTNCeC1rOHMtYXdzLWlkJlgtQW16LVNpZ25hdHVyZT03YjZkMGVmZTgzZjNkODMwOGMxMDY3ODZhZDg4Zjk2MzAxOTVjNDgyY2Q4ZThiYjVjMTVjMzE5MGE1MDkxYzJj"
          },
          "sensitive_attributes": []
        }
      ]
    },
    {
      "mode": "managed",
      "type": "aws_key_pair",
      "name": "TestKeyPair",
      "provider": "provider[\"registry.terraform.io/hashicorp/aws\"]",
      "instances": [
        {
          "schema_version": 1,
          "attributes": {
            "arn": "arn:aws:ec2:us-east-1:670163592545:key-pair/TestKeyPair",
            "fingerprint": "d7:ff:a6:63:18:64:9c:57:a1:ee:ca:a4:ad:c2:81:62",
            "id": "TestKeyPair",
            "key_name": "TestKeyPair",
            "key_name_prefix": "",
            "key_pair_id": "key-03454f08b10fe36b5",
            "key_type": "rsa",
            "public_key": "ssh-rsa AAAAB3NzaC1yc2EAAAADAQABAAABAQD3F6tyPEFEzV0LX3X8BsXdMsQz1x2cEikKDEY0aIj41qgxMCP/iteneqXSIFZBp5vizPvaoIR3Um9xK7PGoW8giupGn+EPuxIA4cDM4vzOqOkiMPhz5XK0whEjkVzTo4+S0puvDZuwIsdiW9mxhJc7tgBNL0cYlWSYVkz4G/fslNfRPW5mYAM49f4fhtxPb5ok4Q2Lg9dPKVHO/Bgeu5woMc7RY0p1ej6D4CKFE6lymSDJpW0YHX/wqE9+cfEauh7xZcG0q9t2ta6F6fmX0agvpFyZo8aFbXeUBr7osSCJNgvavWbM/06niWrOvYX2xwWdhXmXSrbX8ZbabVohBK41 email@example.com",
            "tags": {},
            "tags_all": {}
          },
          "sensitive_attributes": [],
          "private": "eyJzY2hlbWFfdmVyc2lvbiI6IjEifQ=="
        }
      ]
    },
    {
      "mode": "managed",
      "type": "random_string",
      "name": "suffix",
      "provider": "provider[\"registry.terraform.io/hashicorp/random\"]",
      "instances": [
        {
          "schema_version": 2,
          "attributes": {
            "id": "E4IRE",
            "keepers": null,
            "length": 5,
            "lower": true,
            "min_lower": 0,
            "min_numeric": 0,
            "min_special": 0,
            "min_upper": 0,
            "number": true,
            "numeric": true,
            "override_special": null,
            "result": "E4IRE",
            "special": false,
            "upper": true
          },
          "sensitive_attributes": []
        }
      ]
    },
    {
      "module": "module.eks",
      "mode": "managed",
      "type": "aws_eks_cluster",
      "name": "JbKanerikaEks",
      "provider": "provider[\"registry.terraform.io/hashicorp/aws\"]",
      "instances": [
        {
          "schema_version": 0,
          "attributes": {
            "access_config": [
              {
                "authentication_mode": "CONFIG_MAP",
                "bootstrap_cluster_creator_admin_permissions": false
              }
            ],
            "arn": "arn:aws:eks:us-east-1:670163592545:cluster/module-eks-E4IRE",
            "certificate_authority": [
              {
                "data": "LS0tLS1CRUdJTiBDRVJUSUZJQ0FURS0tLS0tCk1JSURCVENDQWUyZ0F3SUJBZ0lJQndCNTd0QlI5Qzh3RFFZSktvWklodmNOQVFFTEJRQXdGVEVUTUJFR0ExVUUKQXhNS2EzVmlaWEp1WlhSbGN6QWVGdzB5TkRBek1qQXhOVE16TWpKYUZ3MHpOREF6TVRneE5UTTRNakphTUJVeApFekFSQmdOVkJBTVRDbXQxWW1WeWJtVjBaWE13Z2dFaU1BMEdDU3FHU0liM0RRRUJBUVVBQTRJQkR3QXdnZ0VLCkFvSUJBUURoQnNiUXI5OUFwRmh2QXdtRElMRElWN282WjVjdkp2VDNpMElyeXNUOGloVHQ1WVM1TEpIeGo5YzUKdllITFRtYTZNZEtMVSs4VmE1aTdUdWp2TDR4Z2ZNRVRUb2pjL1oycFQ5YkZuclIrQmxOT21BOEcxWjU5OGt5Tgp2TUpnaFg4VHhQOWdiL0t5S0dLNGFmdkR3TUhVNnRmb0pRVUNETEVRTGJSYVpIVjJlTDJ4SXg3VXlSalVHd0ozCisxenRxV3RJb0QrT1Jvby9jM0Z5RlhkY2E4K1V0QitYOGQ3aDNtczhVUmF5YWIzRllTMnB5eXBRMmlSeWFyaloKRWxaV3BZTDU5UkRJQTQ4M281UE4vTXVRWHlDV1ZkV2o0VFh1cHFURlNBMHE0eE0rc3pyUUo2cGllVk1xeHZ2NwpJRllrSWEwejUwWWgwaC9Cc04rb3RjQU9TUE5oQWdNQkFBR2pXVEJYTUE0R0ExVWREd0VCL3dRRUF3SUNwREFQCkJnTlZIUk1CQWY4RUJUQURBUUgvTUIwR0ExVWREZ1FXQkJSOG9hR0c2NjRSa2IxYmx5SXBBWGZVMlB2VG5qQVYKQmdOVkhSRUVEakFNZ2dwcmRXSmxjbTVsZEdWek1BMEdDU3FHU0liM0RRRUJDd1VBQTRJQkFRREFSZDBDbjAvbgpaYVlMV3pmMXY5TXZZOVp3bUtUTlZFeXhzQ29mUVhOaEwyUEl2VHdpZVlFWUJyRGtUZmNQOVpKMFhaM2FZbWVKCm5FWVJldmZtYUpSVUhBd2l3R1V0QXpNRDBndjJJQmRHbkgyNkpYaDZNYi9KK2VDd2FubnlwWEVVVEJKMVRTYjQKQzlVK1R6VlIyVEVibHdIRkVTNFcxQ1BreEorTzhFTEZYRmpZYzd6ZzN0TnJQNmFRVm16ZURmclpIa3BTcTN5dwpROUhTQ2J4L3RIVm5sb1Y3RHZSaHMxZXVIQUp1bzZWYXFCb0FKbnNhYW4yUVhVUEsyT0sxRFkrVmtKNERMc1dYCkp4OWpBcy85TXczclZBOGhOaVgxbzI1VHJrcFdxM29WbDBsblV6SDE1VE9zRUR3UWNEZjUwQ3hFNy8yeHNFWUsKTmw4eFFjdTJtbHVzCi0tLS0tRU5EIENFUlRJRklDQVRFLS0tLS0K"
              }
            ],
            "cluster_id": null,
            "created_at": "2024-03-20 15:33:34.256 +0000 UTC",
            "enabled_cluster_log_types": [],
            "encryption_config": [],
            "endpoint": "https://6DFFA3402AB380C9B9899FA2AF039160.gr7.us-east-1.eks.amazonaws.com",
            "id": "module-eks-E4IRE",
            "identity": [
              {
                "oidc": [
                  {
                    "issuer": "https://oidc.eks.us-east-1.amazonaws.com/id/6DFFA3402AB380C9B9899FA2AF039160"
                  }
                ]
              }
            ],
            "kubernetes_network_config": [
              {
                "ip_family": "ipv4",
                "service_ipv4_cidr": "172.20.0.0/16",
                "service_ipv6_cidr": ""
              }
            ],
            "name": "module-eks-E4IRE",
            "outpost_config": [],
            "platform_version": "eks.4",
            "role_arn": "arn:aws:iam::670163592545:role/eks-cluster-JbKanerikaEks",
            "status": "ACTIVE",
            "tags": {},
            "tags_all": {},
            "timeouts": null,
            "version": "1.29",
            "vpc_config": [
              {
                "cluster_security_group_id": "sg-0b975daf934c166a7",
                "endpoint_private_access": false,
                "endpoint_public_access": true,
                "public_access_cidrs": [
                  "0.0.0.0/0"
                ],
                "security_group_ids": [
                  "sg-0950555251cc435c3"
                ],
                "subnet_ids": [
                  "subnet-0b735d5af8d5600c2",
                  "subnet-0e98e40a2d67ce7b9"
                ],
                "vpc_id": "vpc-0e3e25280b90e9661"
              }
            ]
          },
          "sensitive_attributes": [],
          "private": "eyJlMmJmYjczMC1lY2FhLTExZTYtOGY4OC0zNDM2M2JjN2M0YzAiOnsiY3JlYXRlIjoxODAwMDAwMDAwMDAwLCJkZWxldGUiOjkwMDAwMDAwMDAwMCwidXBkYXRlIjozNjAwMDAwMDAwMDAwfX0=",
          "dependencies": [
            "module.eks.aws_iam_role.JbKanerikaEks",
            "module.eks.aws_iam_role_policy_attachment.JbKanerikaEks-AmazonEKSClusterPolicy",
            "module.eks.aws_iam_role_policy_attachment.JbKanerikaEks-AmazonEKSVPCResourceController",
            "module.eks.aws_security_group.node_group_one",
            "module.vpc.aws_subnet.public_JbKanerikaEks_subnet",
            "module.vpc.aws_vpc.JbKanerikaEks",
            "module.vpc.data.aws_availability_zones.available",
            "module.vpc.random_shuffle.az_list",
            "random_string.suffix"
          ]
        }
      ]
    },
    {
      "module": "module.eks",
      "mode": "managed",
      "type": "aws_eks_node_group",
      "name": "JbKanerikaEks",
      "provider": "provider[\"registry.terraform.io/hashicorp/aws\"]",
      "instances": [
        {
          "schema_version": 0,
          "attributes": {
            "ami_type": "AL2_x86_64",
            "arn": "arn:aws:eks:us-east-1:670163592545:nodegroup/module-eks-E4IRE/JbKanerikaEks/c6c72e4a-0a10-1fa8-43ed-f6f6054d5af9",
            "capacity_type": "ON_DEMAND",
            "cluster_name": "module-eks-E4IRE",
            "disk_size": 20,
            "force_update_version": null,
            "id": "module-eks-E4IRE:JbKanerikaEks",
            "instance_types": [
              "t3.large"
            ],
            "labels": {},
            "launch_template": [],
            "node_group_name": "JbKanerikaEks",
            "node_group_name_prefix": "",
            "node_role_arn": "arn:aws:iam::670163592545:role/eks-node-group-JbKanerikaEks",
            "release_version": "1.29.0-20240307",
            "remote_access": [
              {
                "ec2_ssh_key": "TestKeyPair",
                "source_security_group_ids": [
                  "sg-0950555251cc435c3"
                ]
              }
            ],
            "resources": [
              {
                "autoscaling_groups": [
                  {
                    "name": "eks-JbKanerikaEks-c6c72e4a-0a10-1fa8-43ed-f6f6054d5af9"
                  }
                ],
                "remote_access_security_group_id": "sg-0a03d3d4868db4889"
              }
            ],
            "scaling_config": [
              {
                "desired_size": 2,
                "max_size": 3,
                "min_size": 2
              }
            ],
            "status": "ACTIVE",
            "subnet_ids": [
              "subnet-0b735d5af8d5600c2",
              "subnet-0e98e40a2d67ce7b9"
            ],
            "tags": {},
            "tags_all": {},
            "taint": [],
            "timeouts": null,
            "update_config": [
              {
                "max_unavailable": 1,
                "max_unavailable_percentage": 0
              }
            ],
            "version": "1.29"
          },
          "sensitive_attributes": [],
          "private": "eyJlMmJmYjczMC1lY2FhLTExZTYtOGY4OC0zNDM2M2JjN2M0YzAiOnsiY3JlYXRlIjozNjAwMDAwMDAwMDAwLCJkZWxldGUiOjM2MDAwMDAwMDAwMDAsInVwZGF0ZSI6MzYwMDAwMDAwMDAwMH19",
          "dependencies": [
            "module.eks.aws_eks_cluster.JbKanerikaEks",
            "module.eks.aws_iam_role.JbKanerikaEks",
            "module.eks.aws_iam_role.JbKanerikaEks2",
            "module.eks.aws_iam_role_policy_attachment.JbKanerikaEks-AmazonEC2ContainerRegistryReadOnly",
            "module.eks.aws_iam_role_policy_attachment.JbKanerikaEks-AmazonEKSClusterPolicy",
            "module.eks.aws_iam_role_policy_attachment.JbKanerikaEks-AmazonEKSVPCResourceController",
            "module.eks.aws_iam_role_policy_attachment.JbKanerikaEks-AmazonEKSWorkerNodePolicy",
            "module.eks.aws_iam_role_policy_attachment.JbKanerikaEks-AmazonEKS_CNI_Policy",
            "module.eks.aws_security_group.node_group_one",
            "module.vpc.aws_subnet.public_JbKanerikaEks_subnet",
            "module.vpc.aws_vpc.JbKanerikaEks",
            "module.vpc.data.aws_availability_zones.available",
            "module.vpc.random_shuffle.az_list",
            "random_string.suffix"
          ]
        }
      ]
    },
    {
      "module": "module.eks",
      "mode": "managed",
      "type": "aws_iam_role",
      "name": "JbKanerikaEks",
      "provider": "provider[\"registry.terraform.io/hashicorp/aws\"]",
      "instances": [
        {
          "schema_version": 0,
          "attributes": {
            "arn": "arn:aws:iam::670163592545:role/eks-cluster-JbKanerikaEks",
            "assume_role_policy": "{\"Statement\":[{\"Action\":\"sts:AssumeRole\",\"Effect\":\"Allow\",\"Principal\":{\"Service\":\"eks.amazonaws.com\"}}],\"Version\":\"2012-10-17\"}",
            "create_date": "2024-03-20T15:33:15Z",
            "description": "",
            "force_detach_policies": false,
            "id": "eks-cluster-JbKanerikaEks",
            "inline_policy": [],
            "managed_policy_arns": [
              "arn:aws:iam::aws:policy/AmazonEKSClusterPolicy",
              "arn:aws:iam::aws:policy/AmazonEKSVPCResourceController"
            ],
            "max_session_duration": 3600,
            "name": "eks-cluster-JbKanerikaEks",
            "name_prefix": "",
            "path": "/",
            "permissions_boundary": "",
            "tags": {},
            "tags_all": {},
            "unique_id": "AROAZYCG44VQUDE2ATR3N"
          },
          "sensitive_attributes": [],
          "private": "bnVsbA=="
        }
      ]
    },
    {
      "module": "module.eks",
      "mode": "managed",
      "type": "aws_iam_role",
      "name": "JbKanerikaEks2",
      "provider": "provider[\"registry.terraform.io/hashicorp/aws\"]",
      "instances": [
        {
          "schema_version": 0,
          "attributes": {
            "arn": "arn:aws:iam::670163592545:role/eks-node-group-JbKanerikaEks",
            "assume_role_policy": "{\"Statement\":[{\"Action\":\"sts:AssumeRole\",\"Effect\":\"Allow\",\"Principal\":{\"Service\":\"ec2.amazonaws.com\"}}],\"Version\":\"2012-10-17\"}",
            "create_date": "2024-03-20T15:33:15Z",
            "description": "",
            "force_detach_policies": false,
            "id": "eks-node-group-JbKanerikaEks",
            "inline_policy": [],
            "managed_policy_arns": [
              "arn:aws:iam::aws:policy/AmazonEC2ContainerRegistryReadOnly",
              "arn:aws:iam::aws:policy/AmazonEKSWorkerNodePolicy",
              "arn:aws:iam::aws:policy/AmazonEKS_CNI_Policy"
            ],
            "max_session_duration": 3600,
            "name": "eks-node-group-JbKanerikaEks",
            "name_prefix": "",
            "path": "/",
            "permissions_boundary": "",
            "tags": {},
            "tags_all": {},
            "unique_id": "AROAZYCG44VQ4GHDHDO26"
          },
          "sensitive_attributes": [],
          "private": "bnVsbA=="
        }
      ]
    },
    {
      "module": "module.eks",
      "mode": "managed",
      "type": "aws_iam_role_policy_attachment",
      "name": "JbKanerikaEks-AmazonEC2ContainerRegistryReadOnly",
      "provider": "provider[\"registry.terraform.io/hashicorp/aws\"]",
      "instances": [
        {
          "schema_version": 0,
          "attributes": {
            "id": "eks-node-group-JbKanerikaEks-20240320153316884700000004",
            "policy_arn": "arn:aws:iam::aws:policy/AmazonEC2ContainerRegistryReadOnly",
            "role": "eks-node-group-JbKanerikaEks"
          },
          "sensitive_attributes": [],
          "private": "bnVsbA==",
          "dependencies": [
            "module.eks.aws_iam_role.JbKanerikaEks2"
          ]
        }
      ]
    },
    {
      "module": "module.eks",
      "mode": "managed",
      "type": "aws_iam_role_policy_attachment",
      "name": "JbKanerikaEks-AmazonEKSClusterPolicy",
      "provider": "provider[\"registry.terraform.io/hashicorp/aws\"]",
      "instances": [
        {
          "schema_version": 0,
          "attributes": {
            "id": "eks-cluster-JbKanerikaEks-20240320153316592000000002",
            "policy_arn": "arn:aws:iam::aws:policy/AmazonEKSClusterPolicy",
            "role": "eks-cluster-JbKanerikaEks"
          },
          "sensitive_attributes": [],
          "private": "bnVsbA==",
          "dependencies": [
            "module.eks.aws_iam_role.JbKanerikaEks"
          ]
        }
      ]
    },
    {
      "module": "module.eks",
      "mode": "managed",
      "type": "aws_iam_role_policy_attachment",
      "name": "JbKanerikaEks-AmazonEKSVPCResourceController",
      "provider": "provider[\"registry.terraform.io/hashicorp/aws\"]",
      "instances": [
        {
          "schema_version": 0,
          "attributes": {
            "id": "eks-cluster-JbKanerikaEks-20240320153316578200000001",
            "policy_arn": "arn:aws:iam::aws:policy/AmazonEKSVPCResourceController",
            "role": "eks-cluster-JbKanerikaEks"
          },
          "sensitive_attributes": [],
          "private": "bnVsbA==",
          "dependencies": [
            "module.eks.aws_iam_role.JbKanerikaEks"
          ]
        }
      ]
    },
    {
      "module": "module.eks",
      "mode": "managed",
      "type": "aws_iam_role_policy_attachment",
      "name": "JbKanerikaEks-AmazonEKSWorkerNodePolicy",
      "provider": "provider[\"registry.terraform.io/hashicorp/aws\"]",
      "instances": [
        {
          "schema_version": 0,
          "attributes": {
            "id": "eks-node-group-JbKanerikaEks-20240320153316873200000003",
            "policy_arn": "arn:aws:iam::aws:policy/AmazonEKSWorkerNodePolicy",
            "role": "eks-node-group-JbKanerikaEks"
          },
          "sensitive_attributes": [],
          "private": "bnVsbA==",
          "dependencies": [
            "module.eks.aws_iam_role.JbKanerikaEks2"
          ]
        }
      ]
    },
    {
      "module": "module.eks",
      "mode": "managed",
      "type": "aws_iam_role_policy_attachment",
      "name": "JbKanerikaEks-AmazonEKS_CNI_Policy",
      "provider": "provider[\"registry.terraform.io/hashicorp/aws\"]",
      "instances": [
        {
          "schema_version": 0,
          "attributes": {
            "id": "eks-node-group-JbKanerikaEks-20240320153317163000000005",
            "policy_arn": "arn:aws:iam::aws:policy/AmazonEKS_CNI_Policy",
            "role": "eks-node-group-JbKanerikaEks"
          },
          "sensitive_attributes": [],
          "private": "bnVsbA==",
          "dependencies": [
            "module.eks.aws_iam_role.JbKanerikaEks2"
          ]
        }
      ]
    },
    {
      "module": "module.eks",
      "mode": "managed",
      "type": "aws_security_group",
      "name": "node_group_one",
      "provider": "provider[\"registry.terraform.io/hashicorp/aws\"]",
      "instances": [
        {
          "schema_version": 1,
          "attributes": {
            "arn": "arn:aws:ec2:us-east-1:670163592545:security-group/sg-0950555251cc435c3",
            "description": "Managed by Terraform",
            "egress": [
              {
                "cidr_blocks": [
                  "0.0.0.0/0"
                ],
                "description": "",
                "from_port": 0,
                "ipv6_cidr_blocks": [],
                "prefix_list_ids": [],
                "protocol": "-1",
                "security_groups": [],
                "self": false,
                "to_port": 0
              }
            ],
            "id": "sg-0950555251cc435c3",
            "ingress": [
              {
                "cidr_blocks": [
                  "0.0.0.0/0"
                ],
                "description": "",
                "from_port": 80,
                "ipv6_cidr_blocks": [],
                "prefix_list_ids": [],
                "protocol": "tcp",
                "security_groups": [],
                "self": false,
                "to_port": 80
              }
            ],
            "name": "node_group_one20240320153318151300000006",
            "name_prefix": "node_group_one",
            "owner_id": "670163592545",
            "revoke_rules_on_delete": false,
            "tags": {},
            "tags_all": {},
            "timeouts": null,
            "vpc_id": "vpc-0e3e25280b90e9661"
          },
          "sensitive_attributes": [],
          "private": "eyJlMmJmYjczMC1lY2FhLTExZTYtOGY4OC0zNDM2M2JjN2M0YzAiOnsiY3JlYXRlIjo2MDAwMDAwMDAwMDAsImRlbGV0ZSI6OTAwMDAwMDAwMDAwfSwic2NoZW1hX3ZlcnNpb24iOiIxIn0=",
          "dependencies": [
            "module.vpc.aws_vpc.JbKanerikaEks"
          ]
        }
      ]
    },
    {
      "module": "module.vpc",
      "mode": "data",
      "type": "aws_availability_zones",
      "name": "available",
      "provider": "provider[\"registry.terraform.io/hashicorp/aws\"]",
      "instances": [
        {
          "schema_version": 0,
          "attributes": {
            "all_availability_zones": null,
            "exclude_names": null,
            "exclude_zone_ids": null,
            "filter": null,
            "group_names": [
              "us-east-1"
            ],
            "id": "us-east-1",
            "names": [
              "us-east-1a",
              "us-east-1b",
              "us-east-1c",
              "us-east-1d",
              "us-east-1e",
              "us-east-1f"
            ],
            "state": null,
            "timeouts": null,
            "zone_ids": [
              "use1-az2",
              "use1-az4",
              "use1-az6",
              "use1-az1",
              "use1-az3",
              "use1-az5"
            ]
          },
          "sensitive_attributes": []
        }
      ]
    },
    {
      "module": "module.vpc",
      "mode": "managed",
      "type": "aws_default_route_table",
      "name": "internal_JbKanerikaEks_default",
      "provider": "provider[\"registry.terraform.io/hashicorp/aws\"]",
      "instances": [
        {
          "schema_version": 0,
          "attributes": {
            "arn": "arn:aws:ec2:us-east-1:670163592545:route-table/rtb-0c5e880028c7d575e",
            "default_route_table_id": "rtb-0c5e880028c7d575e",
            "id": "rtb-0c5e880028c7d575e",
            "owner_id": "670163592545",
            "propagating_vgws": [],
            "route": [
              {
                "cidr_block": "0.0.0.0/0",
                "core_network_arn": "",
                "destination_prefix_list_id": "",
                "egress_only_gateway_id": "",
                "gateway_id": "igw-0db60fe6e2c83186a",
                "instance_id": "",
                "ipv6_cidr_block": "",
                "nat_gateway_id": "",
                "network_interface_id": "",
                "transit_gateway_id": "",
                "vpc_endpoint_id": "",
                "vpc_peering_connection_id": ""
              }
            ],
            "tags": {
              "Name": "JbKanerikaEks"
            },
            "tags_all": {
              "Name": "JbKanerikaEks"
            },
            "timeouts": null,
            "vpc_id": "vpc-0e3e25280b90e9661"
          },
          "sensitive_attributes": [],
          "private": "eyJlMmJmYjczMC1lY2FhLTExZTYtOGY4OC0zNDM2M2JjN2M0YzAiOnsiY3JlYXRlIjoxMjAwMDAwMDAwMDAsInVwZGF0ZSI6MTIwMDAwMDAwMDAwfX0=",
          "dependencies": [
            "module.vpc.aws_internet_gateway.JbKanerikaEks_gw",
            "module.vpc.aws_vpc.JbKanerikaEks"
          ]
        }
      ]
    },
    {
      "module": "module.vpc",
      "mode": "managed",
      "type": "aws_internet_gateway",
      "name": "JbKanerikaEks_gw",
      "provider": "provider[\"registry.terraform.io/hashicorp/aws\"]",
      "instances": [
        {
          "schema_version": 0,
          "attributes": {
            "arn": "arn:aws:ec2:us-east-1:670163592545:internet-gateway/igw-0db60fe6e2c83186a",
            "id": "igw-0db60fe6e2c83186a",
            "owner_id": "670163592545",
            "tags": {
              "Name": "JbKanerikaEks"
            },
            "tags_all": {
              "Name": "JbKanerikaEks"
            },
            "timeouts": null,
            "vpc_id": "vpc-0e3e25280b90e9661"
          },
          "sensitive_attributes": [],
          "private": "eyJlMmJmYjczMC1lY2FhLTExZTYtOGY4OC0zNDM2M2JjN2M0YzAiOnsiY3JlYXRlIjoxMjAwMDAwMDAwMDAwLCJkZWxldGUiOjEyMDAwMDAwMDAwMDAsInVwZGF0ZSI6MTIwMDAwMDAwMDAwMH19",
          "dependencies": [
            "module.vpc.aws_vpc.JbKanerikaEks"
          ]
        }
      ]
    },
    {
      "module": "module.vpc",
      "mode": "managed",
      "type": "aws_route_table_association",
      "name": "default",
      "provider": "provider[\"registry.terraform.io/hashicorp/aws\"]",
      "instances": [
        {
          "index_key": 0,
          "schema_version": 0,
          "attributes": {
            "gateway_id": "",
            "id": "rtbassoc-0877a1e3fc6733c06",
            "route_table_id": "rtb-0c5e880028c7d575e",
            "subnet_id": "subnet-0e98e40a2d67ce7b9",
            "timeouts": null
          },
          "sensitive_attributes": [],
          "private": "eyJlMmJmYjczMC1lY2FhLTExZTYtOGY4OC0zNDM2M2JjN2M0YzAiOnsiY3JlYXRlIjozMDAwMDAwMDAwMDAsImRlbGV0ZSI6MzAwMDAwMDAwMDAwLCJ1cGRhdGUiOjEyMDAwMDAwMDAwMH19",
          "dependencies": [
            "module.vpc.aws_default_route_table.internal_JbKanerikaEks_default",
            "module.vpc.aws_internet_gateway.JbKanerikaEks_gw",
            "module.vpc.aws_subnet.public_JbKanerikaEks_subnet",
            "module.vpc.aws_vpc.JbKanerikaEks",
            "module.vpc.data.aws_availability_zones.available",
            "module.vpc.random_shuffle.az_list"
          ]
        },
        {
          "index_key": 1,
          "schema_version": 0,
          "attributes": {
            "gateway_id": "",
            "id": "rtbassoc-0239abfb046506997",
            "route_table_id": "rtb-0c5e880028c7d575e",
            "subnet_id": "subnet-0b735d5af8d5600c2",
            "timeouts": null
          },
          "sensitive_attributes": [],
          "private": "eyJlMmJmYjczMC1lY2FhLTExZTYtOGY4OC0zNDM2M2JjN2M0YzAiOnsiY3JlYXRlIjozMDAwMDAwMDAwMDAsImRlbGV0ZSI6MzAwMDAwMDAwMDAwLCJ1cGRhdGUiOjEyMDAwMDAwMDAwMH19",
          "dependencies": [
            "module.vpc.aws_default_route_table.internal_JbKanerikaEks_default",
            "module.vpc.aws_internet_gateway.JbKanerikaEks_gw",
            "module.vpc.aws_subnet.public_JbKanerikaEks_subnet",
            "module.vpc.aws_vpc.JbKanerikaEks",
            "module.vpc.data.aws_availability_zones.available",
            "module.vpc.random_shuffle.az_list"
          ]
        }
      ]
    },
    {
      "module": "module.vpc",
      "mode": "managed",
      "type": "aws_subnet",
      "name": "public_JbKanerikaEks_subnet",
      "provider": "provider[\"registry.terraform.io/hashicorp/aws\"]",
      "instances": [
        {
          "index_key": 0,
          "schema_version": 1,
          "attributes": {
            "arn": "arn:aws:ec2:us-east-1:670163592545:subnet/subnet-0e98e40a2d67ce7b9",
            "assign_ipv6_address_on_creation": false,
            "availability_zone": "us-east-1c",
            "availability_zone_id": "use1-az6",
            "cidr_block": "10.0.1.0/24",
            "customer_owned_ipv4_pool": "",
            "enable_dns64": false,
            "enable_lni_at_device_index": 0,
            "enable_resource_name_dns_a_record_on_launch": false,
            "enable_resource_name_dns_aaaa_record_on_launch": false,
            "id": "subnet-0e98e40a2d67ce7b9",
            "ipv6_cidr_block": "",
            "ipv6_cidr_block_association_id": "",
            "ipv6_native": false,
            "map_customer_owned_ip_on_launch": false,
            "map_public_ip_on_launch": true,
            "outpost_arn": "",
            "owner_id": "670163592545",
            "private_dns_hostname_type_on_launch": "ip-name",
            "tags": {
              "Name": "JbKanerikaEks"
            },
            "tags_all": {
              "Name": "JbKanerikaEks"
            },
            "timeouts": null,
            "vpc_id": "vpc-0e3e25280b90e9661"
          },
          "sensitive_attributes": [],
          "private": "eyJlMmJmYjczMC1lY2FhLTExZTYtOGY4OC0zNDM2M2JjN2M0YzAiOnsiY3JlYXRlIjo2MDAwMDAwMDAwMDAsImRlbGV0ZSI6MTIwMDAwMDAwMDAwMH0sInNjaGVtYV92ZXJzaW9uIjoiMSJ9",
          "dependencies": [
            "module.vpc.aws_vpc.JbKanerikaEks",
            "module.vpc.data.aws_availability_zones.available",
            "module.vpc.random_shuffle.az_list"
          ]
        },
        {
          "index_key": 1,
          "schema_version": 1,
          "attributes": {
            "arn": "arn:aws:ec2:us-east-1:670163592545:subnet/subnet-0b735d5af8d5600c2",
            "assign_ipv6_address_on_creation": false,
            "availability_zone": "us-east-1b",
            "availability_zone_id": "use1-az4",
            "cidr_block": "10.0.2.0/24",
            "customer_owned_ipv4_pool": "",
            "enable_dns64": false,
            "enable_lni_at_device_index": 0,
            "enable_resource_name_dns_a_record_on_launch": false,
            "enable_resource_name_dns_aaaa_record_on_launch": false,
            "id": "subnet-0b735d5af8d5600c2",
            "ipv6_cidr_block": "",
            "ipv6_cidr_block_association_id": "",
            "ipv6_native": false,
            "map_customer_owned_ip_on_launch": false,
            "map_public_ip_on_launch": true,
            "outpost_arn": "",
            "owner_id": "670163592545",
            "private_dns_hostname_type_on_launch": "ip-name",
            "tags": {
              "Name": "JbKanerikaEks"
            },
            "tags_all": {
              "Name": "JbKanerikaEks"
            },
            "timeouts": null,
            "vpc_id": "vpc-0e3e25280b90e9661"
          },
          "sensitive_attributes": [],
          "private": "eyJlMmJmYjczMC1lY2FhLTExZTYtOGY4OC0zNDM2M2JjN2M0YzAiOnsiY3JlYXRlIjo2MDAwMDAwMDAwMDAsImRlbGV0ZSI6MTIwMDAwMDAwMDAwMH0sInNjaGVtYV92ZXJzaW9uIjoiMSJ9",
          "dependencies": [
            "module.vpc.aws_vpc.JbKanerikaEks",
            "module.vpc.data.aws_availability_zones.available",
            "module.vpc.random_shuffle.az_list"
          ]
        }
      ]
    },
    {
      "module": "module.vpc",
      "mode": "managed",
      "type": "aws_vpc",
      "name": "JbKanerikaEks",
      "provider": "provider[\"registry.terraform.io/hashicorp/aws\"]",
      "instances": [
        {
          "schema_version": 1,
          "attributes": {
            "arn": "arn:aws:ec2:us-east-1:670163592545:vpc/vpc-0e3e25280b90e9661",
            "assign_generated_ipv6_cidr_block": false,
            "cidr_block": "10.0.0.0/16",
            "default_network_acl_id": "acl-0bcefd8dbf63ac005",
            "default_route_table_id": "rtb-0c5e880028c7d575e",
            "default_security_group_id": "sg-07c7b93755930572a",
            "dhcp_options_id": "dopt-0cfeb969",
            "enable_dns_hostnames": false,
            "enable_dns_support": true,
            "enable_network_address_usage_metrics": false,
            "id": "vpc-0e3e25280b90e9661",
            "instance_tenancy": "default",
            "ipv4_ipam_pool_id": null,
            "ipv4_netmask_length": null,
            "ipv6_association_id": "",
            "ipv6_cidr_block": "",
            "ipv6_cidr_block_network_border_group": "",
            "ipv6_ipam_pool_id": "",
            "ipv6_netmask_length": 0,
            "main_route_table_id": "rtb-0c5e880028c7d575e",
            "owner_id": "670163592545",
            "tags": {
              "Name": "JbKanerikaEks"
            },
            "tags_all": {
              "Name": "JbKanerikaEks"
            }
          },
          "sensitive_attributes": [],
          "private": "eyJzY2hlbWFfdmVyc2lvbiI6IjEifQ=="
        }
      ]
    },
    {
      "module": "module.vpc",
      "mode": "managed",
      "type": "random_shuffle",
      "name": "az_list",
      "provider": "provider[\"registry.terraform.io/hashicorp/random\"]",
      "instances": [
        {
          "schema_version": 0,
          "attributes": {
            "id": "-",
            "input": [
              "us-east-1a",
              "us-east-1b",
              "us-east-1c",
              "us-east-1d",
              "us-east-1e",
              "us-east-1f"
            ],
            "keepers": null,
            "result": [
              "us-east-1c",
              "us-east-1b"
            ],
            "result_count": 2,
            "seed": null
          },
          "sensitive_attributes": [],
          "dependencies": [
            "module.vpc.data.aws_availability_zones.available"
          ]
        }
      ]
    }
  ],
  "check_results": null
}
